
Microsoft Visual Studio Solution File, Format Version 12.00
# Visual Studio Version 16
VisualStudioVersion = 16.0.30330.147
MinimumVisualStudioVersion = 10.0.40219.1
Project("{FAE04EC0-301F-11D3-BF4B-00C04F79EFBC}") = "Leaderboard", "Leaderboard\Leaderboard.csproj", "{77E58668-59FD-4204-8EA2-95DE854870B6}"
EndProject
Project("{FAE04EC0-301F-11D3-BF4B-00C04F79EFBC}") = "KafkaConsumer", "KafkaConsumer\KafkaConsumer.csproj", "{A7A966BC-85E5-4ECB-804A-EF6219F1010B}"
EndProject
Project("{FAE04EC0-301F-11D3-BF4B-00C04F79EFBC}") = "KafkaProducer", "KafkaProducer\KafkaProducer.csproj", "{9AC9E722-F7E9-416A-BFAC-7137A5B79219}"
EndProject
Project("{FAE04EC0-301F-11D3-BF4B-00C04F79EFBC}") = "LeaderboardTest", "LeaderboardTest\LeaderboardTest.csproj", "{7052AAC9-599F-4214-BBF4-E4E5F473771F}"
EndProject
Project("{FAE04EC0-301F-11D3-BF4B-00C04F79EFBC}") = "BoardAPI", "BoardAPI\BoardAPI.csproj", "{D9CADC3C-C441-4EE3-B575-C554BF18FCA2}"
EndProject
Project("{FAE04EC0-301F-11D3-BF4B-00C04F79EFBC}") = "WebSocketsServer", "WebSocketsServer\WebSocketsServer.csproj", "{C74C00D1-7C43-4E60-8F56-19441EAE7C06}"
EndProject
Project("{FAE04EC0-301F-11D3-BF4B-00C04F79EFBC}") = "Common", "Common\Common.csproj", "{4BAA62F4-295D-4210-88ED-0C4DCB7DD88E}"
EndProject
Global
	GlobalSection(SolutionConfigurationPlatforms) = preSolution
		Debug|Any CPU = Debug|Any CPU
		Release|Any CPU = Release|Any CPU
	EndGlobalSection
	GlobalSection(ProjectConfigurationPlatforms) = postSolution
		{77E58668-59FD-4204-8EA2-95DE854870B6}.Debug|Any CPU.ActiveCfg = Debug|Any CPU
		{77E58668-59FD-4204-8EA2-95DE854870B6}.Debug|Any CPU.Build.0 = Debug|Any CPU
		{77E58668-59FD-4204-8EA2-95DE854870B6}.Release|Any CPU.ActiveCfg = Release|Any CPU
		{77E58668-59FD-4204-8EA2-95DE854870B6}.Release|Any CPU.Build.0 = Release|Any CPU
		{A7A966BC-85E5-4ECB-804A-EF6219F1010B}.Debug|Any CPU.ActiveCfg = Debug|Any CPU
		{A7A966BC-85E5-4ECB-804A-EF6219F1010B}.Debug|Any CPU.Build.0 = Debug|Any CPU
		{A7A966BC-85E5-4ECB-804A-EF6219F1010B}.Release|Any CPU.ActiveCfg = Release|Any CPU
		{A7A966BC-85E5-4ECB-804A-EF6219F1010B}.Release|Any CPU.Build.0 = Release|Any CPU
		{9AC9E722-F7E9-416A-BFAC-7137A5B79219}.Debug|Any CPU.ActiveCfg = Debug|Any CPU
		{9AC9E722-F7E9-416A-BFAC-7137A5B79219}.Debug|Any CPU.Build.0 = Debug|Any CPU
		{9AC9E722-F7E9-416A-BFAC-7137A5B79219}.Release|Any CPU.ActiveCfg = Release|Any CPU
		{9AC9E722-F7E9-416A-BFAC-7137A5B79219}.Release|Any CPU.Build.0 = Release|Any CPU
		{7052AAC9-599F-4214-BBF4-E4E5F473771F}.Debug|Any CPU.ActiveCfg = Debug|Any CPU
		{7052AAC9-599F-4214-BBF4-E4E5F473771F}.Debug|Any CPU.Build.0 = Debug|Any CPU
		{7052AAC9-599F-4214-BBF4-E4E5F473771F}.Release|Any CPU.ActiveCfg = Release|Any CPU
		{7052AAC9-599F-4214-BBF4-E4E5F473771F}.Release|Any CPU.Build.0 = Release|Any CPU
		{D9CADC3C-C441-4EE3-B575-C554BF18FCA2}.Debug|Any CPU.ActiveCfg = Debug|Any CPU
		{D9CADC3C-C441-4EE3-B575-C554BF18FCA2}.Debug|Any CPU.Build.0 = Debug|Any CPU
		{D9CADC3C-C441-4EE3-B575-C554BF18FCA2}.Release|Any CPU.ActiveCfg = Release|Any CPU
		{D9CADC3C-C441-4EE3-B575-C554BF18FCA2}.Release|Any CPU.Build.0 = Release|Any CPU
		{C74C00D1-7C43-4E60-8F56-19441EAE7C06}.Debug|Any CPU.ActiveCfg = Debug|Any CPU
		{C74C00D1-7C43-4E60-8F56-19441EAE7C06}.Debug|Any CPU.Build.0 = Debug|Any CPU
		{C74C00D1-7C43-4E60-8F56-19441EAE7C06}.Release|Any CPU.ActiveCfg = Release|Any CPU
		{C74C00D1-7C43-4E60-8F56-19441EAE7C06}.Release|Any CPU.Build.0 = Release|Any CPU
		{4BAA62F4-295D-4210-88ED-0C4DCB7DD88E}.Debug|Any CPU.ActiveCfg = Debug|Any CPU
		{4BAA62F4-295D-4210-88ED-0C4DCB7DD88E}.Debug|Any CPU.Build.0 = Debug|Any CPU
		{4BAA62F4-295D-4210-88ED-0C4DCB7DD88E}.Release|Any CPU.ActiveCfg = Release|Any CPU
		{4BAA62F4-295D-4210-88ED-0C4DCB7DD88E}.Release|Any CPU.Build.0 = Release|Any CPU
	EndGlobalSection
	GlobalSection(SolutionProperties) = preSolution
		HideSolutionNode = FALSE
	EndGlobalSection
	GlobalSection(ExtensibilityGlobals) = postSolution
		SolutionGuid = {7E6B17E5-0A4B-49FC-8A37-2F578DC424D9}
	EndGlobalSection
EndGlobal
